<?xml version="1.0" encoding="utf-8"?>
<Project ToolsVersion="4.0" xmlns="http://schemas.microsoft.com/developer/msbuild/2003">
  <ItemGroup>
    <Filter Include="Source Files">
      <UniqueIdentifier>{4FC737F1-C7A5-4376-A066-2A32D752A2FF}</UniqueIdentifier>
      <Extensions>cpp;c;cc;cxx;def;odl;idl;hpj;bat;asm;asmx</Extensions>
    </Filter>
    <Filter Include="Header Files">
      <UniqueIdentifier>{93995380-89BD-4b04-88EB-625FBE52EBFB}</UniqueIdentifier>
      <Extensions>h;hh;hpp;hxx;hm;inl;inc;xsd</Extensions>
    </Filter>
    <Filter Include="Resource Files">
      <UniqueIdentifier>{67DA6AB6-F800-4c08-8B7A-83BB121AAD01}</UniqueIdentifier>
      <Extensions>rc;ico;cur;bmp;dlg;rc2;rct;bin;rgs;gif;jpg;jpeg;jpe;resx;tiff;tif;png;wav;mfcribbon-ms</Extensions>
    </Filter>
    <Filter Include="Header Files\Wormhole">
      <UniqueIdentifier>{fd61a9ac-aac3-4d06-8781-6e5a26a51801}</UniqueIdentifier>
    </Filter>
    <Filter Include="Source Files\Wormhole">
      <UniqueIdentifier>{8be1c77a-965a-4bc4-b2a0-d1d2d49522fb}</UniqueIdentifier>
    </Filter>
    <Filter Include="Header Files\AppEngine">
      <UniqueIdentifier>{474df87b-6651-46c5-901a-fb7ff5f52975}</UniqueIdentifier>
    </Filter>
    <Filter Include="Source Files\AppEngine">
      <UniqueIdentifier>{7da43219-f4ef-4657-965f-7b92e243688b}</UniqueIdentifier>
    </Filter>
    <Filter Include="Header Files\AppEngine\Util">
      <UniqueIdentifier>{a8f02540-455e-4f45-9c2d-7e118621cab2}</UniqueIdentifier>
    </Filter>
    <Filter Include="Header Files\AppEngine\Graphics">
      <UniqueIdentifier>{93961d7a-0606-48bf-b8bc-9abd2a70ca3d}</UniqueIdentifier>
    </Filter>
    <Filter Include="Source Files\AppEngine\Util">
      <UniqueIdentifier>{80f7ffb4-2964-4900-b675-524e7940aea3}</UniqueIdentifier>
    </Filter>
    <Filter Include="Source Files\AppEngine\Graphics">
      <UniqueIdentifier>{097cc242-d900-4e81-b124-de51077259a6}</UniqueIdentifier>
    </Filter>
    <Filter Include="Header Files\AppEngine\Output">
      <UniqueIdentifier>{e4070377-1f5a-4623-9a7b-79eaae9efa80}</UniqueIdentifier>
    </Filter>
    <Filter Include="Source Files\AppEngine\Output">
      <UniqueIdentifier>{3fe99763-d149-44df-bae7-b306aa928d06}</UniqueIdentifier>
    </Filter>
    <Filter Include="Header Files\AppEngine\Input">
      <UniqueIdentifier>{bb566194-158c-4632-9426-af792091cdc3}</UniqueIdentifier>
    </Filter>
    <Filter Include="Source Files\AppEngine\Input">
      <UniqueIdentifier>{a608ba10-366d-4a0f-9173-5f87334eaf3b}</UniqueIdentifier>
    </Filter>
  </ItemGroup>
  <ItemGroup>
    <ClCompile Include="main.cpp">
      <Filter>Source Files</Filter>
    </ClCompile>
    <ClCompile Include="Wormhole\Client.cpp">
      <Filter>Source Files\Wormhole</Filter>
    </ClCompile>
    <ClCompile Include="Wormhole\Server.cpp">
      <Filter>Source Files\Wormhole</Filter>
    </ClCompile>
    <ClCompile Include="AppEngine\Application.cpp">
      <Filter>Source Files\AppEngine</Filter>
    </ClCompile>
    <ClCompile Include="AppEngine\Util\BufferedImage.cpp">
      <Filter>Source Files\AppEngine\Util</Filter>
    </ClCompile>
    <ClCompile Include="AppEngine\Util\Color.cpp">
      <Filter>Source Files\AppEngine\Util</Filter>
    </ClCompile>
    <ClCompile Include="AppEngine\Util\Font.cpp">
      <Filter>Source Files\AppEngine\Util</Filter>
    </ClCompile>
    <ClCompile Include="AppEngine\Util\Image.cpp">
      <Filter>Source Files\AppEngine\Util</Filter>
    </ClCompile>
    <ClCompile Include="AppEngine\Util\String.cpp">
      <Filter>Source Files\AppEngine\Util</Filter>
    </ClCompile>
    <ClCompile Include="AppEngine\Graphics\Graphics2D.cpp">
      <Filter>Source Files\AppEngine\Graphics</Filter>
    </ClCompile>
    <ClCompile Include="AppEngine\Output\Console.cpp">
      <Filter>Source Files\AppEngine\Output</Filter>
    </ClCompile>
    <ClCompile Include="MainApp.cpp">
      <Filter>Source Files</Filter>
    </ClCompile>
    <ClCompile Include="AppEngine\Input\Keys.cpp">
      <Filter>Source Files\AppEngine\Input</Filter>
    </ClCompile>
    <ClCompile Include="Wormhole\DataVoid.cpp">
      <Filter>Source Files\Wormhole</Filter>
    </ClCompile>
    <ClCompile Include="AppEngine\Input\DragDropTarget.cpp">
      <Filter>Source Files\AppEngine\Input</Filter>
    </ClCompile>
  </ItemGroup>
  <ItemGroup>
    <ClInclude Include="Wormhole\Client.h">
      <Filter>Header Files\Wormhole</Filter>
    </ClInclude>
    <ClInclude Include="Wormhole\Server.h">
      <Filter>Header Files\Wormhole</Filter>
    </ClInclude>
    <ClInclude Include="AppEngine\Application.h">
      <Filter>Header Files\AppEngine</Filter>
    </ClInclude>
    <ClInclude Include="AppEngine\Util\ArrayList.h">
      <Filter>Header Files\AppEngine\Util</Filter>
    </ClInclude>
    <ClInclude Include="AppEngine\Util\BufferedImage.h">
      <Filter>Header Files\AppEngine\Util</Filter>
    </ClInclude>
    <ClInclude Include="AppEngine\Util\Color.h">
      <Filter>Header Files\AppEngine\Util</Filter>
    </ClInclude>
    <ClInclude Include="AppEngine\Util\Font.h">
      <Filter>Header Files\AppEngine\Util</Filter>
    </ClInclude>
    <ClInclude Include="AppEngine\Util\Image.h">
      <Filter>Header Files\AppEngine\Util</Filter>
    </ClInclude>
    <ClInclude Include="AppEngine\Util\String.h">
      <Filter>Header Files\AppEngine\Util</Filter>
    </ClInclude>
    <ClInclude Include="AppEngine\Util\Vector2.h">
      <Filter>Header Files\AppEngine\Util</Filter>
    </ClInclude>
    <ClInclude Include="AppEngine\Graphics\Graphics2D.h">
      <Filter>Header Files\AppEngine\Graphics</Filter>
    </ClInclude>
    <ClInclude Include="AppEngine\Output\Console.h">
      <Filter>Header Files\AppEngine\Output</Filter>
    </ClInclude>
    <ClInclude Include="AppEngine\GlobalDefs.h">
      <Filter>Header Files\AppEngine</Filter>
    </ClInclude>
    <ClInclude Include="AppEngine\forwards.h">
      <Filter>Header Files\AppEngine</Filter>
    </ClInclude>
    <ClInclude Include="MainApp.h">
      <Filter>Header Files</Filter>
    </ClInclude>
    <ClInclude Include="AppEngine\Input\Keys.h">
      <Filter>Header Files\AppEngine\Input</Filter>
    </ClInclude>
    <ClInclude Include="AppEngine\Input\Mouse.h">
      <Filter>Header Files\AppEngine\Input</Filter>
    </ClInclude>
    <ClInclude Include="Wormhole\DataVoid.h">
      <Filter>Header Files\Wormhole</Filter>
    </ClInclude>
    <ClInclude Include="AppEngine\Input\DragDropTarget.h">
      <Filter>Header Files\AppEngine\Input</Filter>
    </ClInclude>
  </ItemGroup>
</Project>